{
  "nodes": {
    "nixpkgs": {
      "locked": {
        "lastModified": 1697022524,
        "narHash": "sha256-pdM2NuW9j5dql2QeWHPH59/E3O6h4RMspANc/KRzF3g=",
        "owner": "NixOS",
        "repo": "nixpkgs",
        "rev": "c6623c9b8c19caf86c88efae4b654651577bf706",
        "type": "github"
      },
      "original": {
        "owner": "NixOS",
        "ref": "release-23.05",
        "repo": "nixpkgs",
        "type": "github"
      }
    },
    "root": {
      "inputs": {
        "nixpkgs": "nixpkgs"
      }
    }
  },
  "root": "root",
  "version": 7
}
